
Microsoft Visual Studio Solution File, Format Version 12.00
# Visual Studio Version 16
VisualStudioVersion = 16.0.30804.86
MinimumVisualStudioVersion = 10.0.40219.1
Project("{FAE04EC0-301F-11D3-BF4B-00C04F79EFBC}") = "BLACKJACK", "BLACKJACK\BLACKJACK.csproj", "{AB3D7E81-5F12-452A-AE04-22B553A72EBD}"
EndProject
Project("{2150E333-8FDC-42A3-9474-1A3956D46DE8}") = "Solution Items", "Solution Items", "{64DC80F7-092B-46CB-BCF6-27971CCE7CB3}"
EndProject
Project("{FAE04EC0-301F-11D3-BF4B-00C04F79EFBC}") = "ClassLib", "ClassLib\ClassLib.csproj", "{AA3E1D91-8EB4-409D-BAB2-4AFC13A2EFE7}"
EndProject
Project("{FAE04EC0-301F-11D3-BF4B-00C04F79EFBC}") = "ClassLibTests", "ClassLibTests\ClassLibTests.csproj", "{B33A0663-D749-4C4A-80D5-2C263A870F8D}"
EndProject
Global
	GlobalSection(SolutionConfigurationPlatforms) = preSolution
		Debug|Any CPU = Debug|Any CPU
		Release|Any CPU = Release|Any CPU
	EndGlobalSection
	GlobalSection(ProjectConfigurationPlatforms) = postSolution
		{AB3D7E81-5F12-452A-AE04-22B553A72EBD}.Debug|Any CPU.ActiveCfg = Debug|Any CPU
		{AB3D7E81-5F12-452A-AE04-22B553A72EBD}.Debug|Any CPU.Build.0 = Debug|Any CPU
		{AB3D7E81-5F12-452A-AE04-22B553A72EBD}.Release|Any CPU.ActiveCfg = Release|Any CPU
		{AB3D7E81-5F12-452A-AE04-22B553A72EBD}.Release|Any CPU.Build.0 = Release|Any CPU
		{AA3E1D91-8EB4-409D-BAB2-4AFC13A2EFE7}.Debug|Any CPU.ActiveCfg = Debug|Any CPU
		{AA3E1D91-8EB4-409D-BAB2-4AFC13A2EFE7}.Debug|Any CPU.Build.0 = Debug|Any CPU
		{AA3E1D91-8EB4-409D-BAB2-4AFC13A2EFE7}.Release|Any CPU.ActiveCfg = Release|Any CPU
		{AA3E1D91-8EB4-409D-BAB2-4AFC13A2EFE7}.Release|Any CPU.Build.0 = Release|Any CPU
		{B33A0663-D749-4C4A-80D5-2C263A870F8D}.Debug|Any CPU.ActiveCfg = Debug|Any CPU
		{B33A0663-D749-4C4A-80D5-2C263A870F8D}.Debug|Any CPU.Build.0 = Debug|Any CPU
		{B33A0663-D749-4C4A-80D5-2C263A870F8D}.Release|Any CPU.ActiveCfg = Release|Any CPU
		{B33A0663-D749-4C4A-80D5-2C263A870F8D}.Release|Any CPU.Build.0 = Release|Any CPU
	EndGlobalSection
	GlobalSection(SolutionProperties) = preSolution
		HideSolutionNode = FALSE
	EndGlobalSection
	GlobalSection(ExtensibilityGlobals) = postSolution
		SolutionGuid = {24BCCC58-BE77-4975-B487-5FE148DD2EEE}
	EndGlobalSection
EndGlobal
